
Microsoft Visual Studio Solution File, Format Version 12.00
# Visual Studio 2013
VisualStudioVersion = 12.0.30501.0
MinimumVisualStudioVersion = 10.0.40219.1
Project("{FAE04EC0-301F-11D3-BF4B-00C04F79EFBC}") = "MobileStoreService", "MobileStoreService\MobileStoreService.csproj", "{406528DB-F215-4DD4-8D65-C4B13445964E}"
EndProject
Project("{FAE04EC0-301F-11D3-BF4B-00C04F79EFBC}") = "winfromsHost", "winfromsHost\winfromsHost.csproj", "{4A9140D9-E34D-483C-B152-865F23CDEE42}"
EndProject
Global
	GlobalSection(SolutionConfigurationPlatforms) = preSolution
		Debug|Any CPU = Debug|Any CPU
		Release|Any CPU = Release|Any CPU
	EndGlobalSection
	GlobalSection(ProjectConfigurationPlatforms) = postSolution
		{406528DB-F215-4DD4-8D65-C4B13445964E}.Debug|Any CPU.ActiveCfg = Debug|Any CPU
		{406528DB-F215-4DD4-8D65-C4B13445964E}.Debug|Any CPU.Build.0 = Debug|Any CPU
		{406528DB-F215-4DD4-8D65-C4B13445964E}.Release|Any CPU.ActiveCfg = Release|Any CPU
		{406528DB-F215-4DD4-8D65-C4B13445964E}.Release|Any CPU.Build.0 = Release|Any CPU
		{4A9140D9-E34D-483C-B152-865F23CDEE42}.Debug|Any CPU.ActiveCfg = Debug|Any CPU
		{4A9140D9-E34D-483C-B152-865F23CDEE42}.Debug|Any CPU.Build.0 = Debug|Any CPU
		{4A9140D9-E34D-483C-B152-865F23CDEE42}.Release|Any CPU.ActiveCfg = Release|Any CPU
		{4A9140D9-E34D-483C-B152-865F23CDEE42}.Release|Any CPU.Build.0 = Release|Any CPU
	EndGlobalSection
	GlobalSection(SolutionProperties) = preSolution
		HideSolutionNode = FALSE
	EndGlobalSection
EndGlobal
